github.com/go-chi/chi/v5 v5.2.1 h1:KOIHODQj58PmL80G2Eak4WdvUzjSJSm0vG72crDCqb8=
github.com/go-chi/chi/v5 v5.2.1/go.mod h1:L2yAIGWB3H+phAw1NxKwWM+7eUH/lU8pOMm5hHcoops=
github.com/jackielii/structpages v0.0.0-20250531095631-c062a00c5fe7 h1:2ZdsbAUrcNC/X1Exif3WaAtZyaAaD87g+Bdz6D99ajI=
github.com/jackielii/structpages v0.0.0-20250531095631-c062a00c5fe7/go.mod h1:f0IJhwrLFvxa/oKzYOn3okj0S98cwVLVrLFftyzaLBk=
